PODS:
  - Masonry (1.1.0)
  - PSImageEditors (0.1.6):
    - Masonry (~> 1.1.0)
    - TOCropViewController
  - TOCropViewController (2.3.8)

DEPENDENCIES:
  - PSImageEditors (from `../`)

SPEC REPOS:
  https://github.com/cocoapods/specs.git:
    - Masonry
    - TOCropViewController

EXTERNAL SOURCES:
  PSImageEditors:
    :path: "../"

SPEC CHECKSUMS:
  Masonry: 678fab65091a9290e40e2832a55e7ab731aad201
  PSImageEditors: b079a757d600bffbb083ff8b5a20bb4fe81962e9
  TOCropViewController: 0a075f02c253e88095143bbac7b013fc6fba5090

PODFILE CHECKSUM: 71a8f1c471cf8b44c38fe48e6b101e231a883511

COCOAPODS: 1.5.3
