PODS:
  - Masonry (1.1.0)
  - PSImageEditors (0.1.0):
    - Masonry (~> 1.1.0)

DEPENDENCIES:
  - PSImageEditors (from `../`)

SPEC REPOS:
  https://github.com/cocoapods/specs.git:
    - Masonry

EXTERNAL SOURCES:
  PSImageEditors:
    :path: "../"

SPEC CHECKSUMS:
  Masonry: 678fab65091a9290e40e2832a55e7ab731aad201
  PSImageEditors: 3f16f007d4d47616e8eb612fba7d5e5c0f1a53ea

PODFILE CHECKSUM: 71a8f1c471cf8b44c38fe48e6b101e231a883511

COCOAPODS: 1.5.3
